
Microsoft Visual Studio Solution File, Format Version 12.00
# Visual Studio Version 17
VisualStudioVersion = 17.9.34728.123
MinimumVisualStudioVersion = 10.0.40219.1
Project("{F2A71F9B-5D33-465A-A702-920D77279786}") = "Task_8", "Task_8.fsproj", "{921C8701-CDB9-495A-AAF8-4437D6E7B377}"
EndProject
Global
	GlobalSection(SolutionConfigurationPlatforms) = preSolution
		Debug|Any CPU = Debug|Any CPU
		Release|Any CPU = Release|Any CPU
	EndGlobalSection
	GlobalSection(ProjectConfigurationPlatforms) = postSolution
		{921C8701-CDB9-495A-AAF8-4437D6E7B377}.Debug|Any CPU.ActiveCfg = Debug|Any CPU
		{921C8701-CDB9-495A-AAF8-4437D6E7B377}.Debug|Any CPU.Build.0 = Debug|Any CPU
		{921C8701-CDB9-495A-AAF8-4437D6E7B377}.Release|Any CPU.ActiveCfg = Release|Any CPU
		{921C8701-CDB9-495A-AAF8-4437D6E7B377}.Release|Any CPU.Build.0 = Release|Any CPU
	EndGlobalSection
	GlobalSection(SolutionProperties) = preSolution
		HideSolutionNode = FALSE
	EndGlobalSection
	GlobalSection(ExtensibilityGlobals) = postSolution
		SolutionGuid = {0809ECDD-1202-4EEF-8E1E-54DEA5797D1F}
	EndGlobalSection
EndGlobal
